{
  "name": "napit",
  "version": "1.0.0",
  "lockfileVersion": 3,
  "requires": true,
  "packages": {
    "": {
      "name": "napit",
      "version": "1.0.0",
      "license": "ISC",
      "dependencies": {
        "nitpick-node": "file:../nitpick-packages/packages/nitpick-node"
      }
    },
    "../nitpick-packages/packages/nitpick-node": {
      "version": "1.0.0",
      "hasInstallScript": true,
      "dependencies": {
        "bindings": "^1.5.0",
        "node-addon-api": "^8.0.0"
      },
      "devDependencies": {
        "node-gyp": "^10.1.0"
      }
    },
    "node_modules/nitpick-node": {
      "resolved": "../nitpick-packages/packages/nitpick-node",
      "link": true
    }
  }
}
